
Microsoft Visual Studio Solution File, Format Version 12.00
# Visual Studio Version 17
VisualStudioVersion = 17.0.32112.339
MinimumVisualStudioVersion = 10.0.40219.1
Project("{FAE04EC0-301F-11D3-BF4B-00C04F79EFBC}") = "Lab1", "Lab1\Lab1.csproj", "{6FF96020-1932-4E70-BF1A-86FBAC0C995D}"
EndProject
Project("{FAE04EC0-301F-11D3-BF4B-00C04F79EFBC}") = "Lab1_MaisQuiMarche", "Lab1_MaisQuiMarche\Lab1_MaisQuiMarche.csproj", "{2EC207CF-273F-402F-99F3-63F67F90C562}"
EndProject
Global
	GlobalSection(SolutionConfigurationPlatforms) = preSolution
		Debug|Any CPU = Debug|Any CPU
		Release|Any CPU = Release|Any CPU
	EndGlobalSection
	GlobalSection(ProjectConfigurationPlatforms) = postSolution
		{6FF96020-1932-4E70-BF1A-86FBAC0C995D}.Debug|Any CPU.ActiveCfg = Debug|Any CPU
		{6FF96020-1932-4E70-BF1A-86FBAC0C995D}.Debug|Any CPU.Build.0 = Debug|Any CPU
		{6FF96020-1932-4E70-BF1A-86FBAC0C995D}.Release|Any CPU.ActiveCfg = Release|Any CPU
		{6FF96020-1932-4E70-BF1A-86FBAC0C995D}.Release|Any CPU.Build.0 = Release|Any CPU
		{2EC207CF-273F-402F-99F3-63F67F90C562}.Debug|Any CPU.ActiveCfg = Debug|Any CPU
		{2EC207CF-273F-402F-99F3-63F67F90C562}.Debug|Any CPU.Build.0 = Debug|Any CPU
		{2EC207CF-273F-402F-99F3-63F67F90C562}.Release|Any CPU.ActiveCfg = Release|Any CPU
		{2EC207CF-273F-402F-99F3-63F67F90C562}.Release|Any CPU.Build.0 = Release|Any CPU
	EndGlobalSection
	GlobalSection(SolutionProperties) = preSolution
		HideSolutionNode = FALSE
	EndGlobalSection
	GlobalSection(ExtensibilityGlobals) = postSolution
		SolutionGuid = {F85236C1-5D51-4C5C-8E6A-2C4ABA53847D}
	EndGlobalSection
EndGlobal
